// !$*UTF8*$!
{
	archiveVersion = 1;
	classes = {
	};
	objectVersion = 48;
	objects = {

/* Begin PBXBuildFile section */
		452865531FA26E7800680D91 /* ViewInfoViewController.swift in Sources */ = {isa = PBXBuildFile; fileRef = 452865521FA26E7800680D91 /* ViewInfoViewController.swift */; };
		4529638C1FABAFE10016296F /* AddDogViewController.swift in Sources */ = {isa = PBXBuildFile; fileRef = 4529638B1FABAFE10016296F /* AddDogViewController.swift */; };
		4529638E1FABCDF90016296F /* DogInfoViewController.swift in Sources */ = {isa = PBXBuildFile; fileRef = 4529638D1FABCDF90016296F /* DogInfoViewController.swift */; };
		453017541FAAD8E000A0629F /* Client+CoreDataClass.swift in Sources */ = {isa = PBXBuildFile; fileRef = 453017501FAAD8E000A0629F /* Client+CoreDataClass.swift */; };
		453017551FAAD8E000A0629F /* Client+CoreDataProperties.swift in Sources */ = {isa = PBXBuildFile; fileRef = 453017511FAAD8E000A0629F /* Client+CoreDataProperties.swift */; };
		453017561FAAD8E000A0629F /* Dog+CoreDataClass.swift in Sources */ = {isa = PBXBuildFile; fileRef = 453017521FAAD8E000A0629F /* Dog+CoreDataClass.swift */; };
		453017571FAAD8E000A0629F /* Dog+CoreDataProperties.swift in Sources */ = {isa = PBXBuildFile; fileRef = 453017531FAAD8E000A0629F /* Dog+CoreDataProperties.swift */; };
		4546B9841F96BC23006663EA /* DGB-Calendar.xcdatamodeld in Sources */ = {isa = PBXBuildFile; fileRef = 4546B9821F96BC23006663EA /* DGB-Calendar.xcdatamodeld */; };
		4546B9891F96C34A006663EA /* AddEventViewController.swift in Sources */ = {isa = PBXBuildFile; fileRef = 4546B9881F96C34A006663EA /* AddEventViewController.swift */; };
		454F80611FAD08E70012E663 /* MapViewCell.swift in Sources */ = {isa = PBXBuildFile; fileRef = 454F80601FAD08E70012E663 /* MapViewCell.swift */; };
		454F80631FAD15900012E663 /* Location.swift in Sources */ = {isa = PBXBuildFile; fileRef = 454F80621FAD15900012E663 /* Location.swift */; };
		45822C121F957BB000F462F9 /* CalendarView.swift in Sources */ = {isa = PBXBuildFile; fileRef = 45822C111F957BB000F462F9 /* CalendarView.swift */; };
		45863A0D1FB2509A00DA81BC /* DetailCell.swift in Sources */ = {isa = PBXBuildFile; fileRef = 45863A0C1FB2509A00DA81BC /* DetailCell.swift */; };
		4596904E1FA3FED4008C3B2C /* AddClientViewController.swift in Sources */ = {isa = PBXBuildFile; fileRef = 4596904D1FA3FED4008C3B2C /* AddClientViewController.swift */; };
		45DDD5091F95502000EC942C /* AppDelegate.swift in Sources */ = {isa = PBXBuildFile; fileRef = 45DDD5081F95502000EC942C /* AppDelegate.swift */; };
		45DDD50E1F95502000EC942C /* Main.storyboard in Resources */ = {isa = PBXBuildFile; fileRef = 45DDD50C1F95502000EC942C /* Main.storyboard */; };
		45DDD5101F95502000EC942C /* Assets.xcassets in Resources */ = {isa = PBXBuildFile; fileRef = 45DDD50F1F95502000EC942C /* Assets.xcassets */; };
		45DDD51B1F9559CE00EC942C /* CustomCell.swift in Sources */ = {isa = PBXBuildFile; fileRef = 45DDD51A1F9559CE00EC942C /* CustomCell.swift */; };
		45FCDB981FA907DF0099BA45 /* ClientViewController.swift in Sources */ = {isa = PBXBuildFile; fileRef = 45FCDB971FA907DF0099BA45 /* ClientViewController.swift */; };
		45FCDB9A1FA9264E0099BA45 /* ClientInfoViewController.swift in Sources */ = {isa = PBXBuildFile; fileRef = 45FCDB991FA9264E0099BA45 /* ClientInfoViewController.swift */; };
		739655689AFEE633E08CF30D /* Pods_DGB_Calendar.framework in Frameworks */ = {isa = PBXBuildFile; fileRef = B6D046B5C12F1A405B955315 /* Pods_DGB_Calendar.framework */; };
/* End PBXBuildFile section */

/* Begin PBXFileReference section */
		452865521FA26E7800680D91 /* ViewInfoViewController.swift */ = {isa = PBXFileReference; lastKnownFileType = sourcecode.swift; path = ViewInfoViewController.swift; sourceTree = "<group>"; };
		4529638B1FABAFE10016296F /* AddDogViewController.swift */ = {isa = PBXFileReference; lastKnownFileType = sourcecode.swift; path = AddDogViewController.swift; sourceTree = "<group>"; };
		4529638D1FABCDF90016296F /* DogInfoViewController.swift */ = {isa = PBXFileReference; lastKnownFileType = sourcecode.swift; path = DogInfoViewController.swift; sourceTree = "<group>"; };
		453017501FAAD8E000A0629F /* Client+CoreDataClass.swift */ = {isa = PBXFileReference; lastKnownFileType = sourcecode.swift; path = "Client+CoreDataClass.swift"; sourceTree = "<group>"; };
		453017511FAAD8E000A0629F /* Client+CoreDataProperties.swift */ = {isa = PBXFileReference; lastKnownFileType = sourcecode.swift; path = "Client+CoreDataProperties.swift"; sourceTree = "<group>"; };
		453017521FAAD8E000A0629F /* Dog+CoreDataClass.swift */ = {isa = PBXFileReference; lastKnownFileType = sourcecode.swift; path = "Dog+CoreDataClass.swift"; sourceTree = "<group>"; };
		453017531FAAD8E000A0629F /* Dog+CoreDataProperties.swift */ = {isa = PBXFileReference; lastKnownFileType = sourcecode.swift; path = "Dog+CoreDataProperties.swift"; sourceTree = "<group>"; };
		4546B9831F96BC23006663EA /* DGB-Calendar.xcdatamodel */ = {isa = PBXFileReference; lastKnownFileType = wrapper.xcdatamodel; path = "DGB-Calendar.xcdatamodel"; sourceTree = "<group>"; };
		4546B9881F96C34A006663EA /* AddEventViewController.swift */ = {isa = PBXFileReference; lastKnownFileType = sourcecode.swift; path = AddEventViewController.swift; sourceTree = "<group>"; };
		454F80601FAD08E70012E663 /* MapViewCell.swift */ = {isa = PBXFileReference; lastKnownFileType = sourcecode.swift; path = MapViewCell.swift; sourceTree = "<group>"; };
		454F80621FAD15900012E663 /* Location.swift */ = {isa = PBXFileReference; lastKnownFileType = sourcecode.swift; path = Location.swift; sourceTree = "<group>"; };
		45822C111F957BB000F462F9 /* CalendarView.swift */ = {isa = PBXFileReference; lastKnownFileType = sourcecode.swift; path = CalendarView.swift; sourceTree = "<group>"; };
		45863A0C1FB2509A00DA81BC /* DetailCell.swift */ = {isa = PBXFileReference; lastKnownFileType = sourcecode.swift; path = DetailCell.swift; sourceTree = "<group>"; };
		4596904D1FA3FED4008C3B2C /* AddClientViewController.swift */ = {isa = PBXFileReference; lastKnownFileType = sourcecode.swift; path = AddClientViewController.swift; sourceTree = "<group>"; };
		45DDD5051F95502000EC942C /* DGB-Calendar.app */ = {isa = PBXFileReference; explicitFileType = wrapper.application; includeInIndex = 0; path = "DGB-Calendar.app"; sourceTree = BUILT_PRODUCTS_DIR; };
		45DDD5081F95502000EC942C /* AppDelegate.swift */ = {isa = PBXFileReference; lastKnownFileType = sourcecode.swift; path = AppDelegate.swift; sourceTree = "<group>"; };
		45DDD50D1F95502000EC942C /* Base */ = {isa = PBXFileReference; lastKnownFileType = file.storyboard; name = Base; path = Base.lproj/Main.storyboard; sourceTree = "<group>"; };
		45DDD50F1F95502000EC942C /* Assets.xcassets */ = {isa = PBXFileReference; lastKnownFileType = folder.assetcatalog; path = Assets.xcassets; sourceTree = "<group>"; };
		45DDD5141F95502000EC942C /* Info.plist */ = {isa = PBXFileReference; lastKnownFileType = text.plist.xml; path = Info.plist; sourceTree = "<group>"; };
		45DDD51A1F9559CE00EC942C /* CustomCell.swift */ = {isa = PBXFileReference; lastKnownFileType = sourcecode.swift; path = CustomCell.swift; sourceTree = "<group>"; };
		45FCDB971FA907DF0099BA45 /* ClientViewController.swift */ = {isa = PBXFileReference; lastKnownFileType = sourcecode.swift; path = ClientViewController.swift; sourceTree = "<group>"; };
		45FCDB991FA9264E0099BA45 /* ClientInfoViewController.swift */ = {isa = PBXFileReference; lastKnownFileType = sourcecode.swift; path = ClientInfoViewController.swift; sourceTree = "<group>"; };
		514B12BA8329695ED6115D47 /* Pods-DGB-Calendar.release.xcconfig */ = {isa = PBXFileReference; includeInIndex = 1; lastKnownFileType = text.xcconfig; name = "Pods-DGB-Calendar.release.xcconfig"; path = "Pods/Target Support Files/Pods-DGB-Calendar/Pods-DGB-Calendar.release.xcconfig"; sourceTree = "<group>"; };
		649BF99706345593608970D8 /* Pods-DGB-Calendar.debug.xcconfig */ = {isa = PBXFileReference; includeInIndex = 1; lastKnownFileType = text.xcconfig; name = "Pods-DGB-Calendar.debug.xcconfig"; path = "Pods/Target Support Files/Pods-DGB-Calendar/Pods-DGB-Calendar.debug.xcconfig"; sourceTree = "<group>"; };
		B6D046B5C12F1A405B955315 /* Pods_DGB_Calendar.framework */ = {isa = PBXFileReference; explicitFileType = wrapper.framework; includeInIndex = 0; path = Pods_DGB_Calendar.framework; sourceTree = BUILT_PRODUCTS_DIR; };
/* End PBXFileReference section */

/* Begin PBXFrameworksBuildPhase section */
		45DDD5021F95502000EC942C /* Frameworks */ = {
			isa = PBXFrameworksBuildPhase;
			buildActionMask = 2147483647;
			files = (
				739655689AFEE633E08CF30D /* Pods_DGB_Calendar.framework in Frameworks */,
			);
			runOnlyForDeploymentPostprocessing = 0;
		};
/* End PBXFrameworksBuildPhase section */

/* Begin PBXGroup section */
		218A9E01861BFD548D32986C /* Frameworks */ = {
			isa = PBXGroup;
			children = (
				B6D046B5C12F1A405B955315 /* Pods_DGB_Calendar.framework */,
			);
			name = Frameworks;
			sourceTree = "<group>";
		};
		347FA1B55CDFA9C592F719F5 /* Pods */ = {
			isa = PBXGroup;
			children = (
				649BF99706345593608970D8 /* Pods-DGB-Calendar.debug.xcconfig */,
				514B12BA8329695ED6115D47 /* Pods-DGB-Calendar.release.xcconfig */,
			);
			name = Pods;
			sourceTree = "<group>";
		};
		453017471FAAD86F00A0629F /* Core Data Models */ = {
			isa = PBXGroup;
			children = (
				453017501FAAD8E000A0629F /* Client+CoreDataClass.swift */,
				453017511FAAD8E000A0629F /* Client+CoreDataProperties.swift */,
				453017521FAAD8E000A0629F /* Dog+CoreDataClass.swift */,
				453017531FAAD8E000A0629F /* Dog+CoreDataProperties.swift */,
			);
			path = "Core Data Models";
			sourceTree = "<group>";
		};
		459690461FA3FB5E008C3B2C /* CustomCells */ = {
			isa = PBXGroup;
			children = (
				454F80601FAD08E70012E663 /* MapViewCell.swift */,
				45DDD51A1F9559CE00EC942C /* CustomCell.swift */,
				45863A0C1FB2509A00DA81BC /* DetailCell.swift */,
			);
			path = CustomCells;
			sourceTree = "<group>";
		};
		459690491FA3FE6B008C3B2C /* Calendar Files */ = {
			isa = PBXGroup;
			children = (
				45822C111F957BB000F462F9 /* CalendarView.swift */,
				452865521FA26E7800680D91 /* ViewInfoViewController.swift */,
				4546B9881F96C34A006663EA /* AddEventViewController.swift */,
			);
			path = "Calendar Files";
			sourceTree = "<group>";
		};
		4596904A1FA3FE90008C3B2C /* Client Files */ = {
			isa = PBXGroup;
			children = (
				45FCDB971FA907DF0099BA45 /* ClientViewController.swift */,
				45FCDB991FA9264E0099BA45 /* ClientInfoViewController.swift */,
				4596904D1FA3FED4008C3B2C /* AddClientViewController.swift */,
				4529638D1FABCDF90016296F /* DogInfoViewController.swift */,
				4529638B1FABAFE10016296F /* AddDogViewController.swift */,
			);
			path = "Client Files";
			sourceTree = "<group>";
		};
		45DDD4FC1F95502000EC942C = {
			isa = PBXGroup;
			children = (
				45DDD5071F95502000EC942C /* DGB-Calendar */,
				45DDD5061F95502000EC942C /* Products */,
				347FA1B55CDFA9C592F719F5 /* Pods */,
				218A9E01861BFD548D32986C /* Frameworks */,
			);
			sourceTree = "<group>";
		};
		45DDD5061F95502000EC942C /* Products */ = {
			isa = PBXGroup;
			children = (
				45DDD5051F95502000EC942C /* DGB-Calendar.app */,
			);
			name = Products;
			sourceTree = "<group>";
		};
		45DDD5071F95502000EC942C /* DGB-Calendar */ = {
			isa = PBXGroup;
			children = (
				453017471FAAD86F00A0629F /* Core Data Models */,
				459690461FA3FB5E008C3B2C /* CustomCells */,
				4596904A1FA3FE90008C3B2C /* Client Files */,
				459690491FA3FE6B008C3B2C /* Calendar Files */,
				45DDD50C1F95502000EC942C /* Main.storyboard */,
				45DDD5081F95502000EC942C /* AppDelegate.swift */,
				454F80621FAD15900012E663 /* Location.swift */,
				4546B9821F96BC23006663EA /* DGB-Calendar.xcdatamodeld */,
				45DDD50F1F95502000EC942C /* Assets.xcassets */,
				45DDD5141F95502000EC942C /* Info.plist */,
			);
			path = "DGB-Calendar";
			sourceTree = "<group>";
		};
/* End PBXGroup section */

/* Begin PBXNativeTarget section */
		45DDD5041F95502000EC942C /* DGB-Calendar */ = {
			isa = PBXNativeTarget;
			buildConfigurationList = 45DDD5171F95502000EC942C /* Build configuration list for PBXNativeTarget "DGB-Calendar" */;
			buildPhases = (
				A9E3F2ED64F5844EDE366B2F /* [CP] Check Pods Manifest.lock */,
				45DDD5011F95502000EC942C /* Sources */,
				45DDD5021F95502000EC942C /* Frameworks */,
				45DDD5031F95502000EC942C /* Resources */,
				624D23743B5A677F87F4133C /* [CP] Embed Pods Frameworks */,
				350383EA68FF15F9EAA179BB /* [CP] Copy Pods Resources */,
			);
			buildRules = (
			);
			dependencies = (
			);
			name = "DGB-Calendar";
			productName = "DGB-Calendar";
			productReference = 45DDD5051F95502000EC942C /* DGB-Calendar.app */;
			productType = "com.apple.product-type.application";
		};
/* End PBXNativeTarget section */

/* Begin PBXProject section */
		45DDD4FD1F95502000EC942C /* Project object */ = {
			isa = PBXProject;
			attributes = {
				LastSwiftUpdateCheck = 0900;
				LastUpgradeCheck = 0900;
				ORGANIZATIONNAME = "Nicholas Soffa";
				TargetAttributes = {
					45DDD5041F95502000EC942C = {
						CreatedOnToolsVersion = 9.0;
						ProvisioningStyle = Automatic;
					};
				};
			};
			buildConfigurationList = 45DDD5001F95502000EC942C /* Build configuration list for PBXProject "DGB-Calendar" */;
			compatibilityVersion = "Xcode 8.0";
			developmentRegion = en;
			hasScannedForEncodings = 0;
			knownRegions = (
				en,
				Base,
			);
			mainGroup = 45DDD4FC1F95502000EC942C;
			productRefGroup = 45DDD5061F95502000EC942C /* Products */;
			projectDirPath = "";
			projectRoot = "";
			targets = (
				45DDD5041F95502000EC942C /* DGB-Calendar */,
			);
		};
/* End PBXProject section */

/* Begin PBXResourcesBuildPhase section */
		45DDD5031F95502000EC942C /* Resources */ = {
			isa = PBXResourcesBuildPhase;
			buildActionMask = 2147483647;
			files = (
				45DDD5101F95502000EC942C /* Assets.xcassets in Resources */,
				45DDD50E1F95502000EC942C /* Main.storyboard in Resources */,
			);
			runOnlyForDeploymentPostprocessing = 0;
		};
/* End PBXResourcesBuildPhase section */

/* Begin PBXShellScriptBuildPhase section */
		350383EA68FF15F9EAA179BB /* [CP] Copy Pods Resources */ = {
			isa = PBXShellScriptBuildPhase;
			buildActionMask = 2147483647;
			files = (
			);
			inputPaths = (
			);
			name = "[CP] Copy Pods Resources";
			outputPaths = (
			);
			runOnlyForDeploymentPostprocessing = 0;
			shellPath = /bin/sh;
			shellScript = "\"${SRCROOT}/Pods/Target Support Files/Pods-DGB-Calendar/Pods-DGB-Calendar-resources.sh\"\n";
			showEnvVarsInLog = 0;
		};
		624D23743B5A677F87F4133C /* [CP] Embed Pods Frameworks */ = {
			isa = PBXShellScriptBuildPhase;
			buildActionMask = 2147483647;
			files = (
			);
			inputPaths = (
				"${SRCROOT}/Pods/Target Support Files/Pods-DGB-Calendar/Pods-DGB-Calendar-frameworks.sh",
				"${BUILT_PRODUCTS_DIR}/JTAppleCalendar/JTAppleCalendar.framework",
			);
			name = "[CP] Embed Pods Frameworks";
			outputPaths = (
				"${TARGET_BUILD_DIR}/${FRAMEWORKS_FOLDER_PATH}/JTAppleCalendar.framework",
			);
			runOnlyForDeploymentPostprocessing = 0;
			shellPath = /bin/sh;
			shellScript = "\"${SRCROOT}/Pods/Target Support Files/Pods-DGB-Calendar/Pods-DGB-Calendar-frameworks.sh\"\n";
			showEnvVarsInLog = 0;
		};
		A9E3F2ED64F5844EDE366B2F /* [CP] Check Pods Manifest.lock */ = {
			isa = PBXShellScriptBuildPhase;
			buildActionMask = 2147483647;
			files = (
			);
			inputPaths = (
				"${PODS_PODFILE_DIR_PATH}/Podfile.lock",
				"${PODS_ROOT}/Manifest.lock",
			);
			name = "[CP] Check Pods Manifest.lock";
			outputPaths = (
				"$(DERIVED_FILE_DIR)/Pods-DGB-Calendar-checkManifestLockResult.txt",
			);
			runOnlyForDeploymentPostprocessing = 0;
			shellPath = /bin/sh;
			shellScript = "diff \"${PODS_PODFILE_DIR_PATH}/Podfile.lock\" \"${PODS_ROOT}/Manifest.lock\" > /dev/null\nif [ $? != 0 ] ; then\n    # print error to STDERR\n    echo \"error: The sandbox is not in sync with the Podfile.lock. Run 'pod install' or update your CocoaPods installation.\" >&2\n    exit 1\nfi\n# This output is used by Xcode 'outputs' to avoid re-running this script phase.\necho \"SUCCESS\" > \"${SCRIPT_OUTPUT_FILE_0}\"\n";
			showEnvVarsInLog = 0;
		};
/* End PBXShellScriptBuildPhase section */

/* Begin PBXSourcesBuildPhase section */
		45DDD5011F95502000EC942C /* Sources */ = {
			isa = PBXSourcesBuildPhase;
			buildActionMask = 2147483647;
			files = (
				453017561FAAD8E000A0629F /* Dog+CoreDataClass.swift in Sources */,
				4529638C1FABAFE10016296F /* AddDogViewController.swift in Sources */,
				4546B9841F96BC23006663EA /* DGB-Calendar.xcdatamodeld in Sources */,
				4596904E1FA3FED4008C3B2C /* AddClientViewController.swift in Sources */,
				452865531FA26E7800680D91 /* ViewInfoViewController.swift in Sources */,
				453017551FAAD8E000A0629F /* Client+CoreDataProperties.swift in Sources */,
				45FCDB981FA907DF0099BA45 /* ClientViewController.swift in Sources */,
				4546B9891F96C34A006663EA /* AddEventViewController.swift in Sources */,
				453017571FAAD8E000A0629F /* Dog+CoreDataProperties.swift in Sources */,
				45863A0D1FB2509A00DA81BC /* DetailCell.swift in Sources */,
				453017541FAAD8E000A0629F /* Client+CoreDataClass.swift in Sources */,
				454F80631FAD15900012E663 /* Location.swift in Sources */,
				4529638E1FABCDF90016296F /* DogInfoViewController.swift in Sources */,
				45DDD51B1F9559CE00EC942C /* CustomCell.swift in Sources */,
				45822C121F957BB000F462F9 /* CalendarView.swift in Sources */,
				454F80611FAD08E70012E663 /* MapViewCell.swift in Sources */,
				45DDD5091F95502000EC942C /* AppDelegate.swift in Sources */,
				45FCDB9A1FA9264E0099BA45 /* ClientInfoViewController.swift in Sources */,
			);
			runOnlyForDeploymentPostprocessing = 0;
		};
/* End PBXSourcesBuildPhase section */

/* Begin PBXVariantGroup section */
		45DDD50C1F95502000EC942C /* Main.storyboard */ = {
			isa = PBXVariantGroup;
			children = (
				45DDD50D1F95502000EC942C /* Base */,
			);
			name = Main.storyboard;
			sourceTree = "<group>";
		};
/* End PBXVariantGroup section */

/* Begin XCBuildConfiguration section */
		45DDD5151F95502000EC942C /* Debug */ = {
			isa = XCBuildConfiguration;
			buildSettings = {
				ALWAYS_SEARCH_USER_PATHS = NO;
				CLANG_ANALYZER_NONNULL = YES;
				CLANG_ANALYZER_NUMBER_OBJECT_CONVERSION = YES_AGGRESSIVE;
				CLANG_CXX_LANGUAGE_STANDARD = "gnu++14";
				CLANG_CXX_LIBRARY = "libc++";
				CLANG_ENABLE_MODULES = YES;
				CLANG_ENABLE_OBJC_ARC = YES;
				CLANG_WARN_BLOCK_CAPTURE_AUTORELEASING = YES;
				CLANG_WARN_BOOL_CONVERSION = YES;
				CLANG_WARN_COMMA = YES;
				CLANG_WARN_CONSTANT_CONVERSION = YES;
				CLANG_WARN_DIRECT_OBJC_ISA_USAGE = YES_ERROR;
				CLANG_WARN_DOCUMENTATION_COMMENTS = YES;
				CLANG_WARN_EMPTY_BODY = YES;
				CLANG_WARN_ENUM_CONVERSION = YES;
				CLANG_WARN_INFINITE_RECURSION = YES;
				CLANG_WARN_INT_CONVERSION = YES;
				CLANG_WARN_NON_LITERAL_NULL_CONVERSION = YES;
				CLANG_WARN_OBJC_LITERAL_CONVERSION = YES;
				CLANG_WARN_OBJC_ROOT_CLASS = YES_ERROR;
				CLANG_WARN_RANGE_LOOP_ANALYSIS = YES;
				CLANG_WARN_STRICT_PROTOTYPES = YES;
				CLANG_WARN_SUSPICIOUS_MOVE = YES;
				CLANG_WARN_UNGUARDED_AVAILABILITY = YES_AGGRESSIVE;
				CLANG_WARN_UNREACHABLE_CODE = YES;
				CLANG_WARN__DUPLICATE_METHOD_MATCH = YES;
				CODE_SIGN_IDENTITY = "iPhone Developer";
				COPY_PHASE_STRIP = NO;
				DEBUG_INFORMATION_FORMAT = dwarf;
				ENABLE_STRICT_OBJC_MSGSEND = YES;
				ENABLE_TESTABILITY = YES;
				GCC_C_LANGUAGE_STANDARD = gnu11;
				GCC_DYNAMIC_NO_PIC = NO;
				GCC_NO_COMMON_BLOCKS = YES;
				GCC_OPTIMIZATION_LEVEL = 0;
				GCC_PREPROCESSOR_DEFINITIONS = (
					"DEBUG=1",
					"$(inherited)",
				);
				GCC_WARN_64_TO_32_BIT_CONVERSION = YES;
				GCC_WARN_ABOUT_RETURN_TYPE = YES_ERROR;
				GCC_WARN_UNDECLARED_SELECTOR = YES;
				GCC_WARN_UNINITIALIZED_AUTOS = YES_AGGRESSIVE;
				GCC_WARN_UNUSED_FUNCTION = YES;
				GCC_WARN_UNUSED_VARIABLE = YES;
				IPHONEOS_DEPLOYMENT_TARGET = 11.0;
				MTL_ENABLE_DEBUG_INFO = YES;
				ONLY_ACTIVE_ARCH = YES;
				SDKROOT = iphoneos;
				SWIFT_ACTIVE_COMPILATION_CONDITIONS = DEBUG;
				SWIFT_OPTIMIZATION_LEVEL = "-Onone";
			};
			name = Debug;
		};
		45DDD5161F95502000EC942C /* Release */ = {
			isa = XCBuildConfiguration;
			buildSettings = {
				ALWAYS_SEARCH_USER_PATHS = NO;
				CLANG_ANALYZER_NONNULL = YES;
				CLANG_ANALYZER_NUMBER_OBJECT_CONVERSION = YES_AGGRESSIVE;
				CLANG_CXX_LANGUAGE_STANDARD = "gnu++14";
				CLANG_CXX_LIBRARY = "libc++";
				CLANG_ENABLE_MODULES = YES;
				CLANG_ENABLE_OBJC_ARC = YES;
				CLANG_WARN_BLOCK_CAPTURE_AUTORELEASING = YES;
				CLANG_WARN_BOOL_CONVERSION = YES;
				CLANG_WARN_COMMA = YES;
				CLANG_WARN_CONSTANT_CONVERSION = YES;
				CLANG_WARN_DIRECT_OBJC_ISA_USAGE = YES_ERROR;
				CLANG_WARN_DOCUMENTATION_COMMENTS = YES;
				CLANG_WARN_EMPTY_BODY = YES;
				CLANG_WARN_ENUM_CONVERSION = YES;
				CLANG_WARN_INFINITE_RECURSION = YES;
				CLANG_WARN_INT_CONVERSION = YES;
				CLANG_WARN_NON_LITERAL_NULL_CONVERSION = YES;
				CLANG_WARN_OBJC_LITERAL_CONVERSION = YES;
				CLANG_WARN_OBJC_ROOT_CLASS = YES_ERROR;
				CLANG_WARN_RANGE_LOOP_ANALYSIS = YES;
				CLANG_WARN_STRICT_PROTOTYPES = YES;
				CLANG_WARN_SUSPICIOUS_MOVE = YES;
				CLANG_WARN_UNGUARDED_AVAILABILITY = YES_AGGRESSIVE;
				CLANG_WARN_UNREACHABLE_CODE = YES;
				CLANG_WARN__DUPLICATE_METHOD_MATCH = YES;
				CODE_SIGN_IDENTITY = "iPhone Developer";
				COPY_PHASE_STRIP = NO;
				DEBUG_INFORMATION_FORMAT = "dwarf-with-dsym";
				ENABLE_NS_ASSERTIONS = NO;
				ENABLE_STRICT_OBJC_MSGSEND = YES;
				GCC_C_LANGUAGE_STANDARD = gnu11;
				GCC_NO_COMMON_BLOCKS = YES;
				GCC_WARN_64_TO_32_BIT_CONVERSION = YES;
				GCC_WARN_ABOUT_RETURN_TYPE = YES_ERROR;
				GCC_WARN_UNDECLARED_SELECTOR = YES;
				GCC_WARN_UNINITIALIZED_AUTOS = YES_AGGRESSIVE;
				GCC_WARN_UNUSED_FUNCTION = YES;
				GCC_WARN_UNUSED_VARIABLE = YES;
				IPHONEOS_DEPLOYMENT_TARGET = 11.0;
				MTL_ENABLE_DEBUG_INFO = NO;
				SDKROOT = iphoneos;
				SWIFT_OPTIMIZATION_LEVEL = "-Owholemodule";
				VALIDATE_PRODUCT = YES;
			};
			name = Release;
		};
		45DDD5181F95502000EC942C /* Debug */ = {
			isa = XCBuildConfiguration;
			baseConfigurationReference = 649BF99706345593608970D8 /* Pods-DGB-Calendar.debug.xcconfig */;
			buildSettings = {
				ASSETCATALOG_COMPILER_APPICON_NAME = AppIcon;
				CODE_SIGN_STYLE = Automatic;
				DEVELOPMENT_TEAM = 7SB96T3FAM;
				INFOPLIST_FILE = "DGB-Calendar/Info.plist";
				LD_RUNPATH_SEARCH_PATHS = "$(inherited) @executable_path/Frameworks";
				PRODUCT_BUNDLE_IDENTIFIER = "com.soffa.DGB-Calendar";
				PRODUCT_NAME = "$(TARGET_NAME)";
				SWIFT_VERSION = 4.0;
				TARGETED_DEVICE_FAMILY = "1,2";
			};
			name = Debug;
		};
		45DDD5191F95502000EC942C /* Release */ = {
			isa = XCBuildConfiguration;
			baseConfigurationReference = 514B12BA8329695ED6115D47 /* Pods-DGB-Calendar.release.xcconfig */;
			buildSettings = {
				ASSETCATALOG_COMPILER_APPICON_NAME = AppIcon;
				CODE_SIGN_STYLE = Automatic;
				DEVELOPMENT_TEAM = 7SB96T3FAM;
				INFOPLIST_FILE = "DGB-Calendar/Info.plist";
				LD_RUNPATH_SEARCH_PATHS = "$(inherited) @executable_path/Frameworks";
				PRODUCT_BUNDLE_IDENTIFIER = "com.soffa.DGB-Calendar";
				PRODUCT_NAME = "$(TARGET_NAME)";
				SWIFT_VERSION = 4.0;
				TARGETED_DEVICE_FAMILY = "1,2";
			};
			name = Release;
		};
/* End XCBuildConfiguration section */

/* Begin XCConfigurationList section */
		45DDD5001F95502000EC942C /* Build configuration list for PBXProject "DGB-Calendar" */ = {
			isa = XCConfigurationList;
			buildConfigurations = (
				45DDD5151F95502000EC942C /* Debug */,
				45DDD5161F95502000EC942C /* Release */,
			);
			defaultConfigurationIsVisible = 0;
			defaultConfigurationName = Release;
		};
		45DDD5171F95502000EC942C /* Build configuration list for PBXNativeTarget "DGB-Calendar" */ = {
			isa = XCConfigurationList;
			buildConfigurations = (
				45DDD5181F95502000EC942C /* Debug */,
				45DDD5191F95502000EC942C /* Release */,
			);
			defaultConfigurationIsVisible = 0;
			defaultConfigurationName = Release;
		};
/* End XCConfigurationList section */

/* Begin XCVersionGroup section */
		4546B9821F96BC23006663EA /* DGB-Calendar.xcdatamodeld */ = {
			isa = XCVersionGroup;
			children = (
				4546B9831F96BC23006663EA /* DGB-Calendar.xcdatamodel */,
			);
			currentVersion = 4546B9831F96BC23006663EA /* DGB-Calendar.xcdatamodel */;
			path = "DGB-Calendar.xcdatamodeld";
			sourceTree = "<group>";
			versionGroupType = wrapper.xcdatamodel;
		};
/* End XCVersionGroup section */
	};
	rootObject = 45DDD4FD1F95502000EC942C /* Project object */;
}
